
Microsoft Visual Studio Solution File, Format Version 12.00
# Visual Studio Version 16
VisualStudioVersion = 16.0.31005.135
MinimumVisualStudioVersion = 10.0.40219.1
Project("{FAE04EC0-301F-11D3-BF4B-00C04F79EFBC}") = "APICalculadora2", "APICalculadora2\APICalculadora2.csproj", "{BFB553D7-7F3E-4DF4-A740-D6CFD1B25141}"
EndProject
Global
	GlobalSection(SolutionConfigurationPlatforms) = preSolution
		Debug|Any CPU = Debug|Any CPU
		Release|Any CPU = Release|Any CPU
	EndGlobalSection
	GlobalSection(ProjectConfigurationPlatforms) = postSolution
		{BFB553D7-7F3E-4DF4-A740-D6CFD1B25141}.Debug|Any CPU.ActiveCfg = Debug|Any CPU
		{BFB553D7-7F3E-4DF4-A740-D6CFD1B25141}.Debug|Any CPU.Build.0 = Debug|Any CPU
		{BFB553D7-7F3E-4DF4-A740-D6CFD1B25141}.Release|Any CPU.ActiveCfg = Release|Any CPU
		{BFB553D7-7F3E-4DF4-A740-D6CFD1B25141}.Release|Any CPU.Build.0 = Release|Any CPU
	EndGlobalSection
	GlobalSection(SolutionProperties) = preSolution
		HideSolutionNode = FALSE
	EndGlobalSection
	GlobalSection(ExtensibilityGlobals) = postSolution
		SolutionGuid = {02DFA91C-3199-43BC-B204-B96CB275460B}
	EndGlobalSection
EndGlobal
